// !$*UTF8*$!
{
	archiveVersion = 1;
	classes = {
	};
	objectVersion = 77;
	objects = {

/* Begin PBXContainerItemProxy section */
		5AE2C0E42D928E6E0008C968 /* PBXContainerItemProxy */ = {
			isa = PBXContainerItemProxy;
			containerPortal = 5AE2C0CB2D928E6D0008C968 /* Project object */;
			proxyType = 1;
			remoteGlobalIDString = 5AE2C0D22D928E6D0008C968;
			remoteInfo = BoatRide;
		};
		5AE2C0EE2D928E6E0008C968 /* PBXContainerItemProxy */ = {
			isa = PBXContainerItemProxy;
			containerPortal = 5AE2C0CB2D928E6D0008C968 /* Project object */;
			proxyType = 1;
			remoteGlobalIDString = 5AE2C0D22D928E6D0008C968;
			remoteInfo = BoatRide;
		};
/* End PBXContainerItemProxy section */

/* Begin PBXFileReference section */
		5AE2C0D32D928E6D0008C968 /* BoatRide.app */ = {isa = PBXFileReference; explicitFileType = wrapper.application; includeInIndex = 0; path = BoatRide.app; sourceTree = BUILT_PRODUCTS_DIR; };
		5AE2C0E32D928E6E0008C968 /* BoatRideTests.xctest */ = {isa = PBXFileReference; explicitFileType = wrapper.cfbundle; includeInIndex = 0; path = BoatRideTests.xctest; sourceTree = BUILT_PRODUCTS_DIR; };
		5AE2C0ED2D928E6E0008C968 /* BoatRideUITests.xctest */ = {isa = PBXFileReference; explicitFileType = wrapper.cfbundle; includeInIndex = 0; path = BoatRideUITests.xctest; sourceTree = BUILT_PRODUCTS_DIR; };
/* End PBXFileReference section */

/* Begin PBXFileSystemSynchronizedRootGroup section */
		5AE2C0D52D928E6D0008C968 /* BoatRide */ = {
			isa = PBXFileSystemSynchronizedRootGroup;
			path = BoatRide;
			sourceTree = "<group>";
		};
		5AE2C0E62D928E6E0008C968 /* BoatRideTests */ = {
			isa = PBXFileSystemSynchronizedRootGroup;
			path = BoatRideTests;
			sourceTree = "<group>";
		};
		5AE2C0F02D928E6E0008C968 /* BoatRideUITests */ = {
			isa = PBXFileSystemSynchronizedRootGroup;
			path = BoatRideUITests;
			sourceTree = "<group>";
		};
/* End PBXFileSystemSynchronizedRootGroup section */

/* Begin PBXFrameworksBuildPhase section */
		5AE2C0D02D928E6D0008C968 /* Frameworks */ = {
			isa = PBXFrameworksBuildPhase;
			buildActionMask = 2147483647;
			files = (
			);
			runOnlyForDeploymentPostprocessing = 0;
		};
		5AE2C0E02D928E6E0008C968 /* Frameworks */ = {
			isa = PBXFrameworksBuildPhase;
			buildActionMask = 2147483647;
			files = (
			);
			runOnlyForDeploymentPostprocessing = 0;
		};
		5AE2C0EA2D928E6E0008C968 /* Frameworks */ = {
			isa = PBXFrameworksBuildPhase;
			buildActionMask = 2147483647;
			files = (
			);
			runOnlyForDeploymentPostprocessing = 0;
		};
/* End PBXFrameworksBuildPhase section */

/* Begin PBXGroup section */
		5AE2C0CA2D928E6D0008C968 = {
			isa = PBXGroup;
			children = (
				5AE2C0D52D928E6D0008C968 /* BoatRide */,
				5AE2C0E62D928E6E0008C968 /* BoatRideTests */,
				5AE2C0F02D928E6E0008C968 /* BoatRideUITests */,
				5AE2C0D42D928E6D0008C968 /* Products */,
			);
			sourceTree = "<group>";
		};
		5AE2C0D42D928E6D0008C968 /* Products */ = {
			isa = PBXGroup;
			children = (
				5AE2C0D32D928E6D0008C968 /* BoatRide.app */,
				5AE2C0E32D928E6E0008C968 /* BoatRideTests.xctest */,
				5AE2C0ED2D928E6E0008C968 /* BoatRideUITests.xctest */,
			);
			name = Products;
			sourceTree = "<group>";
		};
/* End PBXGroup section */

/* Begin PBXNativeTarget section */
		5AE2C0D22D928E6D0008C968 /* BoatRide */ = {
			isa = PBXNativeTarget;
			buildConfigurationList = 5AE2C0F72D928E6E0008C968 /* Build configuration list for PBXNativeTarget "BoatRide" */;
			buildPhases = (
				5AE2C0CF2D928E6D0008C968 /* Sources */,
				5AE2C0D02D928E6D0008C968 /* Frameworks */,
				5AE2C0D12D928E6D0008C968 /* Resources */,
			);
			buildRules = (
			);
			dependencies = (
			);
			fileSystemSynchronizedGroups = (
				5AE2C0D52D928E6D0008C968 /* BoatRide */,
			);
			name = BoatRide;
			packageProductDependencies = (
			);
			productName = BoatRide;
			productReference = 5AE2C0D32D928E6D0008C968 /* BoatRide.app */;
			productType = "com.apple.product-type.application";
		};
		5AE2C0E22D928E6E0008C968 /* BoatRideTests */ = {
			isa = PBXNativeTarget;
			buildConfigurationList = 5AE2C0FA2D928E6E0008C968 /* Build configuration list for PBXNativeTarget "BoatRideTests" */;
			buildPhases = (
				5AE2C0DF2D928E6E0008C968 /* Sources */,
				5AE2C0E02D928E6E0008C968 /* Frameworks */,
				5AE2C0E12D928E6E0008C968 /* Resources */,
			);
			buildRules = (
			);
			dependencies = (
				5AE2C0E52D928E6E0008C968 /* PBXTargetDependency */,
			);
			fileSystemSynchronizedGroups = (
				5AE2C0E62D928E6E0008C968 /* BoatRideTests */,
			);
			name = BoatRideTests;
			packageProductDependencies = (
			);
			productName = BoatRideTests;
			productReference = 5AE2C0E32D928E6E0008C968 /* BoatRideTests.xctest */;
			productType = "com.apple.product-type.bundle.unit-test";
		};
		5AE2C0EC2D928E6E0008C968 /* BoatRideUITests */ = {
			isa = PBXNativeTarget;
			buildConfigurationList = 5AE2C0FD2D928E6E0008C968 /* Build configuration list for PBXNativeTarget "BoatRideUITests" */;
			buildPhases = (
				5AE2C0E92D928E6E0008C968 /* Sources */,
				5AE2C0EA2D928E6E0008C968 /* Frameworks */,
				5AE2C0EB2D928E6E0008C968 /* Resources */,
			);
			buildRules = (
			);
			dependencies = (
				5AE2C0EF2D928E6E0008C968 /* PBXTargetDependency */,
			);
			fileSystemSynchronizedGroups = (
				5AE2C0F02D928E6E0008C968 /* BoatRideUITests */,
			);
			name = BoatRideUITests;
			packageProductDependencies = (
			);
			productName = BoatRideUITests;
			productReference = 5AE2C0ED2D928E6E0008C968 /* BoatRideUITests.xctest */;
			productType = "com.apple.product-type.bundle.ui-testing";
		};
/* End PBXNativeTarget section */

/* Begin PBXProject section */
		5AE2C0CB2D928E6D0008C968 /* Project object */ = {
			isa = PBXProject;
			attributes = {
				BuildIndependentTargetsInParallel = 1;
				LastSwiftUpdateCheck = 1620;
				LastUpgradeCheck = 1620;
				TargetAttributes = {
					5AE2C0D22D928E6D0008C968 = {
						CreatedOnToolsVersion = 16.2;
					};
					5AE2C0E22D928E6E0008C968 = {
						CreatedOnToolsVersion = 16.2;
						TestTargetID = 5AE2C0D22D928E6D0008C968;
					};
					5AE2C0EC2D928E6E0008C968 = {
						CreatedOnToolsVersion = 16.2;
						TestTargetID = 5AE2C0D22D928E6D0008C968;
					};
				};
			};
			buildConfigurationList = 5AE2C0CE2D928E6D0008C968 /* Build configuration list for PBXProject "BoatRide" */;
			developmentRegion = en;
			hasScannedForEncodings = 0;
			knownRegions = (
				en,
				Base,
			);
			mainGroup = 5AE2C0CA2D928E6D0008C968;
			minimizedProjectReferenceProxies = 1;
			preferredProjectObjectVersion = 77;
			productRefGroup = 5AE2C0D42D928E6D0008C968 /* Products */;
			projectDirPath = "";
			projectRoot = "";
			targets = (
				5AE2C0D22D928E6D0008C968 /* BoatRide */,
				5AE2C0E22D928E6E0008C968 /* BoatRideTests */,
				5AE2C0EC2D928E6E0008C968 /* BoatRideUITests */,
			);
		};
/* End PBXProject section */

/* Begin PBXResourcesBuildPhase section */
		5AE2C0D12D928E6D0008C968 /* Resources */ = {
			isa = PBXResourcesBuildPhase;
			buildActionMask = 2147483647;
			files = (
			);
			runOnlyForDeploymentPostprocessing = 0;
		};
		5AE2C0E12D928E6E0008C968 /* Resources */ = {
			isa = PBXResourcesBuildPhase;
			buildActionMask = 2147483647;
			files = (
			);
			runOnlyForDeploymentPostprocessing = 0;
		};
		5AE2C0EB2D928E6E0008C968 /* Resources */ = {
			isa = PBXResourcesBuildPhase;
			buildActionMask = 2147483647;
			files = (
			);
			runOnlyForDeploymentPostprocessing = 0;
		};
/* End PBXResourcesBuildPhase section */

/* Begin PBXSourcesBuildPhase section */
		5AE2C0CF2D928E6D0008C968 /* Sources */ = {
			isa = PBXSourcesBuildPhase;
			buildActionMask = 2147483647;
			files = (
			);
			runOnlyForDeploymentPostprocessing = 0;
		};
		5AE2C0DF2D928E6E0008C968 /* Sources */ = {
			isa = PBXSourcesBuildPhase;
			buildActionMask = 2147483647;
			files = (
			);
			runOnlyForDeploymentPostprocessing = 0;
		};
		5AE2C0E92D928E6E0008C968 /* Sources */ = {
			isa = PBXSourcesBuildPhase;
			buildActionMask = 2147483647;
			files = (
			);
			runOnlyForDeploymentPostprocessing = 0;
		};
/* End PBXSourcesBuildPhase section */

/* Begin PBXTargetDependency section */
		5AE2C0E52D928E6E0008C968 /* PBXTargetDependency */ = {
			isa = PBXTargetDependency;
			target = 5AE2C0D22D928E6D0008C968 /* BoatRide */;
			targetProxy = 5AE2C0E42D928E6E0008C968 /* PBXContainerItemProxy */;
		};
		5AE2C0EF2D928E6E0008C968 /* PBXTargetDependency */ = {
			isa = PBXTargetDependency;
			target = 5AE2C0D22D928E6D0008C968 /* BoatRide */;
			targetProxy = 5AE2C0EE2D928E6E0008C968 /* PBXContainerItemProxy */;
		};
/* End PBXTargetDependency section */

/* Begin XCBuildConfiguration section */
		5AE2C0F52D928E6E0008C968 /* Debug */ = {
			isa = XCBuildConfiguration;
			buildSettings = {
				ALWAYS_SEARCH_USER_PATHS = NO;
				ASSETCATALOG_COMPILER_GENERATE_SWIFT_ASSET_SYMBOL_EXTENSIONS = YES;
				CLANG_ANALYZER_NONNULL = YES;
				CLANG_ANALYZER_NUMBER_OBJECT_CONVERSION = YES_AGGRESSIVE;
				CLANG_CXX_LANGUAGE_STANDARD = "gnu++20";
				CLANG_ENABLE_MODULES = YES;
				CLANG_ENABLE_OBJC_ARC = YES;
				CLANG_ENABLE_OBJC_WEAK = YES;
				CLANG_WARN_BLOCK_CAPTURE_AUTORELEASING = YES;
				CLANG_WARN_BOOL_CONVERSION = YES;
				CLANG_WARN_COMMA = YES;
				CLANG_WARN_CONSTANT_CONVERSION = YES;
				CLANG_WARN_DEPRECATED_OBJC_IMPLEMENTATIONS = YES;
				CLANG_WARN_DIRECT_OBJC_ISA_USAGE = YES_ERROR;
				CLANG_WARN_DOCUMENTATION_COMMENTS = YES;
				CLANG_WARN_EMPTY_BODY = YES;
				CLANG_WARN_ENUM_CONVERSION = YES;
				CLANG_WARN_INFINITE_RECURSION = YES;
				CLANG_WARN_INT_CONVERSION = YES;
				CLANG_WARN_NON_LITERAL_NULL_CONVERSION = YES;
				CLANG_WARN_OBJC_IMPLICIT_RETAIN_SELF = YES;
				CLANG_WARN_OBJC_LITERAL_CONVERSION = YES;
				CLANG_WARN_OBJC_ROOT_CLASS = YES_ERROR;
				CLANG_WARN_QUOTED_INCLUDE_IN_FRAMEWORK_HEADER = YES;
				CLANG_WARN_RANGE_LOOP_ANALYSIS = YES;
				CLANG_WARN_STRICT_PROTOTYPES = YES;
				CLANG_WARN_SUSPICIOUS_MOVE = YES;
				CLANG_WARN_UNGUARDED_AVAILABILITY = YES_AGGRESSIVE;
				CLANG_WARN_UNREACHABLE_CODE = YES;
				CLANG_WARN__DUPLICATE_METHOD_MATCH = YES;
				COPY_PHASE_STRIP = NO;
				DEBUG_INFORMATION_FORMAT = dwarf;
				ENABLE_STRICT_OBJC_MSGSEND = YES;
				ENABLE_TESTABILITY = YES;
				ENABLE_USER_SCRIPT_SANDBOXING = YES;
				GCC_C_LANGUAGE_STANDARD = gnu17;
				GCC_DYNAMIC_NO_PIC = NO;
				GCC_NO_COMMON_BLOCKS = YES;
				GCC_OPTIMIZATION_LEVEL = 0;
				GCC_PREPROCESSOR_DEFINITIONS = (
					"DEBUG=1",
					"$(inherited)",
				);
				GCC_WARN_64_TO_32_BIT_CONVERSION = YES;
				GCC_WARN_ABOUT_RETURN_TYPE = YES_ERROR;
				GCC_WARN_UNDECLARED_SELECTOR = YES;
				GCC_WARN_UNINITIALIZED_AUTOS = YES_AGGRESSIVE;
				GCC_WARN_UNUSED_FUNCTION = YES;
				GCC_WARN_UNUSED_VARIABLE = YES;
				IPHONEOS_DEPLOYMENT_TARGET = 18.2;
				LOCALIZATION_PREFERS_STRING_CATALOGS = YES;
				MTL_ENABLE_DEBUG_INFO = INCLUDE_SOURCE;
				MTL_FAST_MATH = YES;
				ONLY_ACTIVE_ARCH = YES;
				SDKROOT = iphoneos;
				SWIFT_ACTIVE_COMPILATION_CONDITIONS = "DEBUG $(inherited)";
				SWIFT_OPTIMIZATION_LEVEL = "-Onone";
			};
			name = Debug;
		};
		5AE2C0F62D928E6E0008C968 /* Release */ = {
			isa = XCBuildConfiguration;
			buildSettings = {
				ALWAYS_SEARCH_USER_PATHS = NO;
				ASSETCATALOG_COMPILER_GENERATE_SWIFT_ASSET_SYMBOL_EXTENSIONS = YES;
				CLANG_ANALYZER_NONNULL = YES;
				CLANG_ANALYZER_NUMBER_OBJECT_CONVERSION = YES_AGGRESSIVE;
				CLANG_CXX_LANGUAGE_STANDARD = "gnu++20";
				CLANG_ENABLE_MODULES = YES;
				CLANG_ENABLE_OBJC_ARC = YES;
				CLANG_ENABLE_OBJC_WEAK = YES;
				CLANG_WARN_BLOCK_CAPTURE_AUTORELEASING = YES;
				CLANG_WARN_BOOL_CONVERSION = YES;
				CLANG_WARN_COMMA = YES;
				CLANG_WARN_CONSTANT_CONVERSION = YES;
				CLANG_WARN_DEPRECATED_OBJC_IMPLEMENTATIONS = YES;
				CLANG_WARN_DIRECT_OBJC_ISA_USAGE = YES_ERROR;
				CLANG_WARN_DOCUMENTATION_COMMENTS = YES;
				CLANG_WARN_EMPTY_BODY = YES;
				CLANG_WARN_ENUM_CONVERSION = YES;
				CLANG_WARN_INFINITE_RECURSION = YES;
				CLANG_WARN_INT_CONVERSION = YES;
				CLANG_WARN_NON_LITERAL_NULL_CONVERSION = YES;
				CLANG_WARN_OBJC_IMPLICIT_RETAIN_SELF = YES;
				CLANG_WARN_OBJC_LITERAL_CONVERSION = YES;
				CLANG_WARN_OBJC_ROOT_CLASS = YES_ERROR;
				CLANG_WARN_QUOTED_INCLUDE_IN_FRAMEWORK_HEADER = YES;
				CLANG_WARN_RANGE_LOOP_ANALYSIS = YES;
				CLANG_WARN_STRICT_PROTOTYPES = YES;
				CLANG_WARN_SUSPICIOUS_MOVE = YES;
				CLANG_WARN_UNGUARDED_AVAILABILITY = YES_AGGRESSIVE;
				CLANG_WARN_UNREACHABLE_CODE = YES;
				CLANG_WARN__DUPLICATE_METHOD_MATCH = YES;
				COPY_PHASE_STRIP = NO;
				DEBUG_INFORMATION_FORMAT = "dwarf-with-dsym";
				ENABLE_NS_ASSERTIONS = NO;
				ENABLE_STRICT_OBJC_MSGSEND = YES;
				ENABLE_USER_SCRIPT_SANDBOXING = YES;
				GCC_C_LANGUAGE_STANDARD = gnu17;
				GCC_NO_COMMON_BLOCKS = YES;
				GCC_WARN_64_TO_32_BIT_CONVERSION = YES;
				GCC_WARN_ABOUT_RETURN_TYPE = YES_ERROR;
				GCC_WARN_UNDECLARED_SELECTOR = YES;
				GCC_WARN_UNINITIALIZED_AUTOS = YES_AGGRESSIVE;
				GCC_WARN_UNUSED_FUNCTION = YES;
				GCC_WARN_UNUSED_VARIABLE = YES;
				IPHONEOS_DEPLOYMENT_TARGET = 18.2;
				LOCALIZATION_PREFERS_STRING_CATALOGS = YES;
				MTL_ENABLE_DEBUG_INFO = NO;
				MTL_FAST_MATH = YES;
				SDKROOT = iphoneos;
				SWIFT_COMPILATION_MODE = wholemodule;
				VALIDATE_PRODUCT = YES;
			};
			name = Release;
		};
		5AE2C0F82D928E6E0008C968 /* Debug */ = {
			isa = XCBuildConfiguration;
			buildSettings = {
				ASSETCATALOG_COMPILER_APPICON_NAME = AppIcon;
				ASSETCATALOG_COMPILER_GLOBAL_ACCENT_COLOR_NAME = AccentColor;
				CODE_SIGN_STYLE = Automatic;
				CURRENT_PROJECT_VERSION = 1;
				DEVELOPMENT_ASSET_PATHS = "\"BoatRide/Preview Content\"";
				DEVELOPMENT_TEAM = X2L5JNBS3H;
				ENABLE_PREVIEWS = YES;
				GENERATE_INFOPLIST_FILE = YES;
				INFOPLIST_KEY_NSLocationAlwaysAndWhenInUseUsageDescription = "需要获取您的位置以便提供船只服务";
				INFOPLIST_KEY_NSLocationWhenInUseUsageDescription = "需要获取您的位置以便提供船只服务";
				INFOPLIST_KEY_UIApplicationSceneManifest_Generation = YES;
				INFOPLIST_KEY_UIApplicationSupportsIndirectInputEvents = YES;
				INFOPLIST_KEY_UILaunchScreen_Generation = YES;
				INFOPLIST_KEY_UISupportedInterfaceOrientations_iPad = "UIInterfaceOrientationPortrait UIInterfaceOrientationPortraitUpsideDown UIInterfaceOrientationLandscapeLeft UIInterfaceOrientationLandscapeRight";
				INFOPLIST_KEY_UISupportedInterfaceOrientations_iPhone = "UIInterfaceOrientationPortrait UIInterfaceOrientationLandscapeLeft UIInterfaceOrientationLandscapeRight";
				LD_RUNPATH_SEARCH_PATHS = (
					"$(inherited)",
					"@executable_path/Frameworks",
				);
				MARKETING_VERSION = 1.0;
				PRODUCT_BUNDLE_IDENTIFIER = com.ningxia.boatride.BoatRide;
				PRODUCT_NAME = "$(TARGET_NAME)";
				SWIFT_EMIT_LOC_STRINGS = YES;
				SWIFT_VERSION = 5.0;
				TARGETED_DEVICE_FAMILY = "1,2";
			};
			name = Debug;
		};
		5AE2C0F92D928E6E0008C968 /* Release */ = {
			isa = XCBuildConfiguration;
			buildSettings = {
				ASSETCATALOG_COMPILER_APPICON_NAME = AppIcon;
				ASSETCATALOG_COMPILER_GLOBAL_ACCENT_COLOR_NAME = AccentColor;
				CODE_SIGN_STYLE = Automatic;
				CURRENT_PROJECT_VERSION = 1;
				DEVELOPMENT_ASSET_PATHS = "\"BoatRide/Preview Content\"";
				DEVELOPMENT_TEAM = X2L5JNBS3H;
				ENABLE_PREVIEWS = YES;
				GENERATE_INFOPLIST_FILE = YES;
				INFOPLIST_KEY_NSLocationAlwaysAndWhenInUseUsageDescription = "需要获取您的位置以便提供船只服务";
				INFOPLIST_KEY_NSLocationWhenInUseUsageDescription = "需要获取您的位置以便提供船只服务";
				INFOPLIST_KEY_UIApplicationSceneManifest_Generation = YES;
				INFOPLIST_KEY_UIApplicationSupportsIndirectInputEvents = YES;
				INFOPLIST_KEY_UILaunchScreen_Generation = YES;
				INFOPLIST_KEY_UISupportedInterfaceOrientations_iPad = "UIInterfaceOrientationPortrait UIInterfaceOrientationPortraitUpsideDown UIInterfaceOrientationLandscapeLeft UIInterfaceOrientationLandscapeRight";
				INFOPLIST_KEY_UISupportedInterfaceOrientations_iPhone = "UIInterfaceOrientationPortrait UIInterfaceOrientationLandscapeLeft UIInterfaceOrientationLandscapeRight";
				LD_RUNPATH_SEARCH_PATHS = (
					"$(inherited)",
					"@executable_path/Frameworks",
				);
				MARKETING_VERSION = 1.0;
				PRODUCT_BUNDLE_IDENTIFIER = com.ningxia.boatride.BoatRide;
				PRODUCT_NAME = "$(TARGET_NAME)";
				SWIFT_EMIT_LOC_STRINGS = YES;
				SWIFT_VERSION = 5.0;
				TARGETED_DEVICE_FAMILY = "1,2";
			};
			name = Release;
		};
		5AE2C0FB2D928E6E0008C968 /* Debug */ = {
			isa = XCBuildConfiguration;
			buildSettings = {
				BUNDLE_LOADER = "$(TEST_HOST)";
				CODE_SIGN_STYLE = Automatic;
				CURRENT_PROJECT_VERSION = 1;
				DEVELOPMENT_TEAM = X2L5JNBS3H;
				GENERATE_INFOPLIST_FILE = YES;
				IPHONEOS_DEPLOYMENT_TARGET = 18.2;
				MARKETING_VERSION = 1.0;
				PRODUCT_BUNDLE_IDENTIFIER = com.ningxia.boatride.BoatRideTests;
				PRODUCT_NAME = "$(TARGET_NAME)";
				SWIFT_EMIT_LOC_STRINGS = NO;
				SWIFT_VERSION = 5.0;
				TARGETED_DEVICE_FAMILY = "1,2";
				TEST_HOST = "$(BUILT_PRODUCTS_DIR)/BoatRide.app/$(BUNDLE_EXECUTABLE_FOLDER_PATH)/BoatRide";
			};
			name = Debug;
		};
		5AE2C0FC2D928E6E0008C968 /* Release */ = {
			isa = XCBuildConfiguration;
			buildSettings = {
				BUNDLE_LOADER = "$(TEST_HOST)";
				CODE_SIGN_STYLE = Automatic;
				CURRENT_PROJECT_VERSION = 1;
				DEVELOPMENT_TEAM = X2L5JNBS3H;
				GENERATE_INFOPLIST_FILE = YES;
				IPHONEOS_DEPLOYMENT_TARGET = 18.2;
				MARKETING_VERSION = 1.0;
				PRODUCT_BUNDLE_IDENTIFIER = com.ningxia.boatride.BoatRideTests;
				PRODUCT_NAME = "$(TARGET_NAME)";
				SWIFT_EMIT_LOC_STRINGS = NO;
				SWIFT_VERSION = 5.0;
				TARGETED_DEVICE_FAMILY = "1,2";
				TEST_HOST = "$(BUILT_PRODUCTS_DIR)/BoatRide.app/$(BUNDLE_EXECUTABLE_FOLDER_PATH)/BoatRide";
			};
			name = Release;
		};
		5AE2C0FE2D928E6E0008C968 /* Debug */ = {
			isa = XCBuildConfiguration;
			buildSettings = {
				CODE_SIGN_STYLE = Automatic;
				CURRENT_PROJECT_VERSION = 1;
				DEVELOPMENT_TEAM = X2L5JNBS3H;
				GENERATE_INFOPLIST_FILE = YES;
				MARKETING_VERSION = 1.0;
				PRODUCT_BUNDLE_IDENTIFIER = com.ningxia.boatride.BoatRideUITests;
				PRODUCT_NAME = "$(TARGET_NAME)";
				SWIFT_EMIT_LOC_STRINGS = NO;
				SWIFT_VERSION = 5.0;
				TARGETED_DEVICE_FAMILY = "1,2";
				TEST_TARGET_NAME = BoatRide;
			};
			name = Debug;
		};
		5AE2C0FF2D928E6E0008C968 /* Release */ = {
			isa = XCBuildConfiguration;
			buildSettings = {
				CODE_SIGN_STYLE = Automatic;
				CURRENT_PROJECT_VERSION = 1;
				DEVELOPMENT_TEAM = X2L5JNBS3H;
				GENERATE_INFOPLIST_FILE = YES;
				MARKETING_VERSION = 1.0;
				PRODUCT_BUNDLE_IDENTIFIER = com.ningxia.boatride.BoatRideUITests;
				PRODUCT_NAME = "$(TARGET_NAME)";
				SWIFT_EMIT_LOC_STRINGS = NO;
				SWIFT_VERSION = 5.0;
				TARGETED_DEVICE_FAMILY = "1,2";
				TEST_TARGET_NAME = BoatRide;
			};
			name = Release;
		};
/* End XCBuildConfiguration section */

/* Begin XCConfigurationList section */
		5AE2C0CE2D928E6D0008C968 /* Build configuration list for PBXProject "BoatRide" */ = {
			isa = XCConfigurationList;
			buildConfigurations = (
				5AE2C0F52D928E6E0008C968 /* Debug */,
				5AE2C0F62D928E6E0008C968 /* Release */,
			);
			defaultConfigurationIsVisible = 0;
			defaultConfigurationName = Release;
		};
		5AE2C0F72D928E6E0008C968 /* Build configuration list for PBXNativeTarget "BoatRide" */ = {
			isa = XCConfigurationList;
			buildConfigurations = (
				5AE2C0F82D928E6E0008C968 /* Debug */,
				5AE2C0F92D928E6E0008C968 /* Release */,
			);
			defaultConfigurationIsVisible = 0;
			defaultConfigurationName = Release;
		};
		5AE2C0FA2D928E6E0008C968 /* Build configuration list for PBXNativeTarget "BoatRideTests" */ = {
			isa = XCConfigurationList;
			buildConfigurations = (
				5AE2C0FB2D928E6E0008C968 /* Debug */,
				5AE2C0FC2D928E6E0008C968 /* Release */,
			);
			defaultConfigurationIsVisible = 0;
			defaultConfigurationName = Release;
		};
		5AE2C0FD2D928E6E0008C968 /* Build configuration list for PBXNativeTarget "BoatRideUITests" */ = {
			isa = XCConfigurationList;
			buildConfigurations = (
				5AE2C0FE2D928E6E0008C968 /* Debug */,
				5AE2C0FF2D928E6E0008C968 /* Release */,
			);
			defaultConfigurationIsVisible = 0;
			defaultConfigurationName = Release;
		};
/* End XCConfigurationList section */
	};
	rootObject = 5AE2C0CB2D928E6D0008C968 /* Project object */;
}
